// !$*UTF8*$!
{
	archiveVersion = 1;
	classes = {
	};
	objectVersion = 48;
	objects = {

/* Begin PBXBuildFile section */
		6850EA0020295C2600D2E3A7 /* MovieViewController.swift in Sources */ = {isa = PBXBuildFile; fileRef = 6850E9FE20295C2600D2E3A7 /* MovieViewController.swift */; };
		6850EA0420295C5E00D2E3A7 /* NewsViewController.swift in Sources */ = {isa = PBXBuildFile; fileRef = 6850EA0220295C5E00D2E3A7 /* NewsViewController.swift */; };
		6850EA0520295C5E00D2E3A7 /* NewsDetailViewController.swift in Sources */ = {isa = PBXBuildFile; fileRef = 6850EA0320295C5E00D2E3A7 /* NewsDetailViewController.swift */; };
		6850EA0720295DC000D2E3A7 /* NewsCell.swift in Sources */ = {isa = PBXBuildFile; fileRef = 6850EA0620295DC000D2E3A7 /* NewsCell.swift */; };
		6850EA132029658A00D2E3A7 /* banner@2x.png in Resources */ = {isa = PBXBuildFile; fileRef = 6850EA112029658A00D2E3A7 /* banner@2x.png */; };
		6850EA142029658A00D2E3A7 /* banner.png in Resources */ = {isa = PBXBuildFile; fileRef = 6850EA122029658A00D2E3A7 /* banner.png */; };
		68A9BCCD202C39D100026882 /* MovieCell.swift in Sources */ = {isa = PBXBuildFile; fileRef = 68A9BCCB202C39D100026882 /* MovieCell.swift */; };
		68A9BCCE202C39D100026882 /* MovieCell.xib in Resources */ = {isa = PBXBuildFile; fileRef = 68A9BCCC202C39D100026882 /* MovieCell.xib */; };
		68FB371E202AB1ED002CE32F /* MovieCollectionView.xib in Resources */ = {isa = PBXBuildFile; fileRef = 68FB371D202AB1ED002CE32F /* MovieCollectionView.xib */; };
		68FB3720202AB9A1002CE32F /* MovieCollectionView.swift in Sources */ = {isa = PBXBuildFile; fileRef = 68FB371F202AB9A1002CE32F /* MovieCollectionView.swift */; };
		CC5E9E832004F15900209569 /* AppDelegate.swift in Sources */ = {isa = PBXBuildFile; fileRef = CC5E9E822004F15900209569 /* AppDelegate.swift */; };
		CC5E9E882004F15900209569 /* Main.storyboard in Resources */ = {isa = PBXBuildFile; fileRef = CC5E9E862004F15900209569 /* Main.storyboard */; };
		CC5E9E8A2004F15900209569 /* Assets.xcassets in Resources */ = {isa = PBXBuildFile; fileRef = CC5E9E892004F15900209569 /* Assets.xcassets */; };
		CC5E9E922004F2EB00209569 /* SwiftyJSON.swift in Sources */ = {isa = PBXBuildFile; fileRef = CC5E9E912004F2EB00209569 /* SwiftyJSON.swift */; };
		CCD231AA201227C10019D2BA /* RemoteImageView.swift in Sources */ = {isa = PBXBuildFile; fileRef = CCD231A9201227C10019D2BA /* RemoteImageView.swift */; };
/* End PBXBuildFile section */

/* Begin PBXFileReference section */
		6850E9FE20295C2600D2E3A7 /* MovieViewController.swift */ = {isa = PBXFileReference; fileEncoding = 4; lastKnownFileType = sourcecode.swift; path = MovieViewController.swift; sourceTree = "<group>"; };
		6850EA0220295C5E00D2E3A7 /* NewsViewController.swift */ = {isa = PBXFileReference; fileEncoding = 4; lastKnownFileType = sourcecode.swift; path = NewsViewController.swift; sourceTree = "<group>"; };
		6850EA0320295C5E00D2E3A7 /* NewsDetailViewController.swift */ = {isa = PBXFileReference; fileEncoding = 4; lastKnownFileType = sourcecode.swift; path = NewsDetailViewController.swift; sourceTree = "<group>"; };
		6850EA0620295DC000D2E3A7 /* NewsCell.swift */ = {isa = PBXFileReference; lastKnownFileType = sourcecode.swift; path = NewsCell.swift; sourceTree = "<group>"; };
		6850EA112029658A00D2E3A7 /* banner@2x.png */ = {isa = PBXFileReference; lastKnownFileType = image.png; path = "banner@2x.png"; sourceTree = "<group>"; };
		6850EA122029658A00D2E3A7 /* banner.png */ = {isa = PBXFileReference; lastKnownFileType = image.png; path = banner.png; sourceTree = "<group>"; };
		68A9BCCB202C39D100026882 /* MovieCell.swift */ = {isa = PBXFileReference; fileEncoding = 4; lastKnownFileType = sourcecode.swift; path = MovieCell.swift; sourceTree = "<group>"; };
		68A9BCCC202C39D100026882 /* MovieCell.xib */ = {isa = PBXFileReference; fileEncoding = 4; lastKnownFileType = file.xib; path = MovieCell.xib; sourceTree = "<group>"; };
		68FB371D202AB1ED002CE32F /* MovieCollectionView.xib */ = {isa = PBXFileReference; lastKnownFileType = file.xib; path = MovieCollectionView.xib; sourceTree = "<group>"; };
		68FB371F202AB9A1002CE32F /* MovieCollectionView.swift */ = {isa = PBXFileReference; lastKnownFileType = sourcecode.swift; path = MovieCollectionView.swift; sourceTree = "<group>"; };
		CC5E9E7F2004F15900209569 /* FamilyTV.app */ = {isa = PBXFileReference; explicitFileType = wrapper.application; includeInIndex = 0; path = FamilyTV.app; sourceTree = BUILT_PRODUCTS_DIR; };
		CC5E9E822004F15900209569 /* AppDelegate.swift */ = {isa = PBXFileReference; lastKnownFileType = sourcecode.swift; path = AppDelegate.swift; sourceTree = "<group>"; };
		CC5E9E872004F15900209569 /* Base */ = {isa = PBXFileReference; lastKnownFileType = file.storyboard; name = Base; path = Base.lproj/Main.storyboard; sourceTree = "<group>"; };
		CC5E9E892004F15900209569 /* Assets.xcassets */ = {isa = PBXFileReference; lastKnownFileType = folder.assetcatalog; path = Assets.xcassets; sourceTree = "<group>"; };
		CC5E9E8B2004F15900209569 /* Info.plist */ = {isa = PBXFileReference; lastKnownFileType = text.plist.xml; path = Info.plist; sourceTree = "<group>"; };
		CC5E9E912004F2EB00209569 /* SwiftyJSON.swift */ = {isa = PBXFileReference; lastKnownFileType = sourcecode.swift; path = SwiftyJSON.swift; sourceTree = "<group>"; };
		CCCADA292013336700341717 /* wrapper.html */ = {isa = PBXFileReference; lastKnownFileType = text.html; path = wrapper.html; sourceTree = "<group>"; };
		CCD231A9201227C10019D2BA /* RemoteImageView.swift */ = {isa = PBXFileReference; lastKnownFileType = sourcecode.swift; path = RemoteImageView.swift; sourceTree = "<group>"; };
/* End PBXFileReference section */

/* Begin PBXFrameworksBuildPhase section */
		CC5E9E7C2004F15900209569 /* Frameworks */ = {
			isa = PBXFrameworksBuildPhase;
			buildActionMask = 2147483647;
			files = (
			);
			runOnlyForDeploymentPostprocessing = 0;
		};
/* End PBXFrameworksBuildPhase section */

/* Begin PBXGroup section */
		6850EA0C2029654D00D2E3A7 /* Images */ = {
			isa = PBXGroup;
			children = (
				6850EA122029658A00D2E3A7 /* banner.png */,
				6850EA112029658A00D2E3A7 /* banner@2x.png */,
			);
			path = Images;
			sourceTree = "<group>";
		};
		68A9BCCA202C39D100026882 /* MovieCell */ = {
			isa = PBXGroup;
			children = (
				68A9BCCB202C39D100026882 /* MovieCell.swift */,
				68A9BCCC202C39D100026882 /* MovieCell.xib */,
			);
			path = MovieCell;
			sourceTree = "<group>";
		};
		CC5E9E762004F15900209569 = {
			isa = PBXGroup;
			children = (
				CC5E9E812004F15900209569 /* FamilyTV */,
				CC5E9E802004F15900209569 /* Products */,
			);
			sourceTree = "<group>";
		};
		CC5E9E802004F15900209569 /* Products */ = {
			isa = PBXGroup;
			children = (
				CC5E9E7F2004F15900209569 /* FamilyTV.app */,
			);
			name = Products;
			sourceTree = "<group>";
		};
		CC5E9E812004F15900209569 /* FamilyTV */ = {
			isa = PBXGroup;
			children = (
				6850EA0C2029654D00D2E3A7 /* Images */,
				CC7757A8201F6C4E00B8FB63 /* Movie */,
				CC7757A1201F6B8800B8FB63 /* News */,
				CC5E9E822004F15900209569 /* AppDelegate.swift */,
				CC5E9E862004F15900209569 /* Main.storyboard */,
				CCD231A9201227C10019D2BA /* RemoteImageView.swift */,
				CC5E9E892004F15900209569 /* Assets.xcassets */,
				CC5E9E8B2004F15900209569 /* Info.plist */,
				CCCADA292013336700341717 /* wrapper.html */,
				CC5E9E912004F2EB00209569 /* SwiftyJSON.swift */,
			);
			path = FamilyTV;
			sourceTree = "<group>";
		};
		CC7757A1201F6B8800B8FB63 /* News */ = {
			isa = PBXGroup;
			children = (
				6850EA0320295C5E00D2E3A7 /* NewsDetailViewController.swift */,
				6850EA0220295C5E00D2E3A7 /* NewsViewController.swift */,
				6850EA0620295DC000D2E3A7 /* NewsCell.swift */,
			);
			path = News;
			sourceTree = "<group>";
		};
		CC7757A8201F6C4E00B8FB63 /* Movie */ = {
			isa = PBXGroup;
			children = (
				68A9BCCA202C39D100026882 /* MovieCell */,
				6850E9FE20295C2600D2E3A7 /* MovieViewController.swift */,
				68FB371D202AB1ED002CE32F /* MovieCollectionView.xib */,
				68FB371F202AB9A1002CE32F /* MovieCollectionView.swift */,
			);
			path = Movie;
			sourceTree = "<group>";
		};
/* End PBXGroup section */

/* Begin PBXNativeTarget section */
		CC5E9E7E2004F15900209569 /* FamilyTV */ = {
			isa = PBXNativeTarget;
			buildConfigurationList = CC5E9E8E2004F15900209569 /* Build configuration list for PBXNativeTarget "FamilyTV" */;
			buildPhases = (
				CC5E9E7B2004F15900209569 /* Sources */,
				CC5E9E7C2004F15900209569 /* Frameworks */,
				CC5E9E7D2004F15900209569 /* Resources */,
			);
			buildRules = (
			);
			dependencies = (
			);
			name = FamilyTV;
			productName = FamilyTV;
			productReference = CC5E9E7F2004F15900209569 /* FamilyTV.app */;
			productType = "com.apple.product-type.application";
		};
/* End PBXNativeTarget section */

/* Begin PBXProject section */
		CC5E9E772004F15900209569 /* Project object */ = {
			isa = PBXProject;
			attributes = {
				LastSwiftUpdateCheck = 0900;
				LastUpgradeCheck = 0900;
				ORGANIZATIONNAME = "Tuan Anh";
				TargetAttributes = {
					CC5E9E7E2004F15900209569 = {
						CreatedOnToolsVersion = 9.0;
						ProvisioningStyle = Automatic;
					};
				};
			};
			buildConfigurationList = CC5E9E7A2004F15900209569 /* Build configuration list for PBXProject "FamilyTV" */;
			compatibilityVersion = "Xcode 8.0";
			developmentRegion = en;
			hasScannedForEncodings = 0;
			knownRegions = (
				en,
				Base,
			);
			mainGroup = CC5E9E762004F15900209569;
			productRefGroup = CC5E9E802004F15900209569 /* Products */;
			projectDirPath = "";
			projectRoot = "";
			targets = (
				CC5E9E7E2004F15900209569 /* FamilyTV */,
			);
		};
/* End PBXProject section */

/* Begin PBXResourcesBuildPhase section */
		CC5E9E7D2004F15900209569 /* Resources */ = {
			isa = PBXResourcesBuildPhase;
			buildActionMask = 2147483647;
			files = (
				68A9BCCE202C39D100026882 /* MovieCell.xib in Resources */,
				CC5E9E8A2004F15900209569 /* Assets.xcassets in Resources */,
				CC5E9E882004F15900209569 /* Main.storyboard in Resources */,
				6850EA132029658A00D2E3A7 /* banner@2x.png in Resources */,
				6850EA142029658A00D2E3A7 /* banner.png in Resources */,
				68FB371E202AB1ED002CE32F /* MovieCollectionView.xib in Resources */,
			);
			runOnlyForDeploymentPostprocessing = 0;
		};
/* End PBXResourcesBuildPhase section */

/* Begin PBXSourcesBuildPhase section */
		CC5E9E7B2004F15900209569 /* Sources */ = {
			isa = PBXSourcesBuildPhase;
			buildActionMask = 2147483647;
			files = (
				CC5E9E922004F2EB00209569 /* SwiftyJSON.swift in Sources */,
				6850EA0020295C2600D2E3A7 /* MovieViewController.swift in Sources */,
				6850EA0520295C5E00D2E3A7 /* NewsDetailViewController.swift in Sources */,
				CCD231AA201227C10019D2BA /* RemoteImageView.swift in Sources */,
				6850EA0420295C5E00D2E3A7 /* NewsViewController.swift in Sources */,
				68FB3720202AB9A1002CE32F /* MovieCollectionView.swift in Sources */,
				6850EA0720295DC000D2E3A7 /* NewsCell.swift in Sources */,
				68A9BCCD202C39D100026882 /* MovieCell.swift in Sources */,
				CC5E9E832004F15900209569 /* AppDelegate.swift in Sources */,
			);
			runOnlyForDeploymentPostprocessing = 0;
		};
/* End PBXSourcesBuildPhase section */

/* Begin PBXVariantGroup section */
		CC5E9E862004F15900209569 /* Main.storyboard */ = {
			isa = PBXVariantGroup;
			children = (
				CC5E9E872004F15900209569 /* Base */,
			);
			name = Main.storyboard;
			sourceTree = "<group>";
		};
/* End PBXVariantGroup section */

/* Begin XCBuildConfiguration section */
		CC5E9E8C2004F15900209569 /* Debug */ = {
			isa = XCBuildConfiguration;
			buildSettings = {
				ALWAYS_SEARCH_USER_PATHS = NO;
				CLANG_ANALYZER_NONNULL = YES;
				CLANG_ANALYZER_NUMBER_OBJECT_CONVERSION = YES_AGGRESSIVE;
				CLANG_CXX_LANGUAGE_STANDARD = "gnu++14";
				CLANG_CXX_LIBRARY = "libc++";
				CLANG_ENABLE_MODULES = YES;
				CLANG_ENABLE_OBJC_ARC = YES;
				CLANG_WARN_BLOCK_CAPTURE_AUTORELEASING = YES;
				CLANG_WARN_BOOL_CONVERSION = YES;
				CLANG_WARN_COMMA = YES;
				CLANG_WARN_CONSTANT_CONVERSION = YES;
				CLANG_WARN_DIRECT_OBJC_ISA_USAGE = YES_ERROR;
				CLANG_WARN_DOCUMENTATION_COMMENTS = YES;
				CLANG_WARN_EMPTY_BODY = YES;
				CLANG_WARN_ENUM_CONVERSION = YES;
				CLANG_WARN_INFINITE_RECURSION = YES;
				CLANG_WARN_INT_CONVERSION = YES;
				CLANG_WARN_NON_LITERAL_NULL_CONVERSION = YES;
				CLANG_WARN_OBJC_LITERAL_CONVERSION = YES;
				CLANG_WARN_OBJC_ROOT_CLASS = YES_ERROR;
				CLANG_WARN_RANGE_LOOP_ANALYSIS = YES;
				CLANG_WARN_STRICT_PROTOTYPES = YES;
				CLANG_WARN_SUSPICIOUS_MOVE = YES;
				CLANG_WARN_UNGUARDED_AVAILABILITY = YES_AGGRESSIVE;
				CLANG_WARN_UNREACHABLE_CODE = YES;
				CLANG_WARN__DUPLICATE_METHOD_MATCH = YES;
				COPY_PHASE_STRIP = NO;
				DEBUG_INFORMATION_FORMAT = dwarf;
				ENABLE_STRICT_OBJC_MSGSEND = YES;
				ENABLE_TESTABILITY = YES;
				GCC_C_LANGUAGE_STANDARD = gnu11;
				GCC_DYNAMIC_NO_PIC = NO;
				GCC_NO_COMMON_BLOCKS = YES;
				GCC_OPTIMIZATION_LEVEL = 0;
				GCC_PREPROCESSOR_DEFINITIONS = (
					"DEBUG=1",
					"$(inherited)",
				);
				GCC_WARN_64_TO_32_BIT_CONVERSION = YES;
				GCC_WARN_ABOUT_RETURN_TYPE = YES_ERROR;
				GCC_WARN_UNDECLARED_SELECTOR = YES;
				GCC_WARN_UNINITIALIZED_AUTOS = YES_AGGRESSIVE;
				GCC_WARN_UNUSED_FUNCTION = YES;
				GCC_WARN_UNUSED_VARIABLE = YES;
				MTL_ENABLE_DEBUG_INFO = YES;
				ONLY_ACTIVE_ARCH = YES;
				SDKROOT = appletvos;
				SWIFT_ACTIVE_COMPILATION_CONDITIONS = DEBUG;
				SWIFT_OPTIMIZATION_LEVEL = "-Onone";
				TVOS_DEPLOYMENT_TARGET = 10.2;
			};
			name = Debug;
		};
		CC5E9E8D2004F15900209569 /* Release */ = {
			isa = XCBuildConfiguration;
			buildSettings = {
				ALWAYS_SEARCH_USER_PATHS = NO;
				CLANG_ANALYZER_NONNULL = YES;
				CLANG_ANALYZER_NUMBER_OBJECT_CONVERSION = YES_AGGRESSIVE;
				CLANG_CXX_LANGUAGE_STANDARD = "gnu++14";
				CLANG_CXX_LIBRARY = "libc++";
				CLANG_ENABLE_MODULES = YES;
				CLANG_ENABLE_OBJC_ARC = YES;
				CLANG_WARN_BLOCK_CAPTURE_AUTORELEASING = YES;
				CLANG_WARN_BOOL_CONVERSION = YES;
				CLANG_WARN_COMMA = YES;
				CLANG_WARN_CONSTANT_CONVERSION = YES;
				CLANG_WARN_DIRECT_OBJC_ISA_USAGE = YES_ERROR;
				CLANG_WARN_DOCUMENTATION_COMMENTS = YES;
				CLANG_WARN_EMPTY_BODY = YES;
				CLANG_WARN_ENUM_CONVERSION = YES;
				CLANG_WARN_INFINITE_RECURSION = YES;
				CLANG_WARN_INT_CONVERSION = YES;
				CLANG_WARN_NON_LITERAL_NULL_CONVERSION = YES;
				CLANG_WARN_OBJC_LITERAL_CONVERSION = YES;
				CLANG_WARN_OBJC_ROOT_CLASS = YES_ERROR;
				CLANG_WARN_RANGE_LOOP_ANALYSIS = YES;
				CLANG_WARN_STRICT_PROTOTYPES = YES;
				CLANG_WARN_SUSPICIOUS_MOVE = YES;
				CLANG_WARN_UNGUARDED_AVAILABILITY = YES_AGGRESSIVE;
				CLANG_WARN_UNREACHABLE_CODE = YES;
				CLANG_WARN__DUPLICATE_METHOD_MATCH = YES;
				COPY_PHASE_STRIP = NO;
				DEBUG_INFORMATION_FORMAT = "dwarf-with-dsym";
				ENABLE_NS_ASSERTIONS = NO;
				ENABLE_STRICT_OBJC_MSGSEND = YES;
				GCC_C_LANGUAGE_STANDARD = gnu11;
				GCC_NO_COMMON_BLOCKS = YES;
				GCC_WARN_64_TO_32_BIT_CONVERSION = YES;
				GCC_WARN_ABOUT_RETURN_TYPE = YES_ERROR;
				GCC_WARN_UNDECLARED_SELECTOR = YES;
				GCC_WARN_UNINITIALIZED_AUTOS = YES_AGGRESSIVE;
				GCC_WARN_UNUSED_FUNCTION = YES;
				GCC_WARN_UNUSED_VARIABLE = YES;
				MTL_ENABLE_DEBUG_INFO = NO;
				SDKROOT = appletvos;
				SWIFT_OPTIMIZATION_LEVEL = "-Owholemodule";
				TVOS_DEPLOYMENT_TARGET = 10.2;
				VALIDATE_PRODUCT = YES;
			};
			name = Release;
		};
		CC5E9E8F2004F15900209569 /* Debug */ = {
			isa = XCBuildConfiguration;
			buildSettings = {
				ASSETCATALOG_COMPILER_APPICON_NAME = "App Icon & Top Shelf Image";
				ASSETCATALOG_COMPILER_LAUNCHIMAGE_NAME = LaunchImage;
				CODE_SIGN_STYLE = Automatic;
				DEVELOPMENT_TEAM = NPA85SZBDY;
				INFOPLIST_FILE = FamilyTV/Info.plist;
				LD_RUNPATH_SEARCH_PATHS = "$(inherited) @executable_path/Frameworks";
				PRODUCT_BUNDLE_IDENTIFIER = anh.FamilyTV;
				PRODUCT_NAME = "$(TARGET_NAME)";
				SWIFT_VERSION = 4.0;
				TARGETED_DEVICE_FAMILY = 3;
				TVOS_DEPLOYMENT_TARGET = 10.2;
			};
			name = Debug;
		};
		CC5E9E902004F15900209569 /* Release */ = {
			isa = XCBuildConfiguration;
			buildSettings = {
				ASSETCATALOG_COMPILER_APPICON_NAME = "App Icon & Top Shelf Image";
				ASSETCATALOG_COMPILER_LAUNCHIMAGE_NAME = LaunchImage;
				CODE_SIGN_STYLE = Automatic;
				DEVELOPMENT_TEAM = NPA85SZBDY;
				INFOPLIST_FILE = FamilyTV/Info.plist;
				LD_RUNPATH_SEARCH_PATHS = "$(inherited) @executable_path/Frameworks";
				PRODUCT_BUNDLE_IDENTIFIER = anh.FamilyTV;
				PRODUCT_NAME = "$(TARGET_NAME)";
				SWIFT_VERSION = 4.0;
				TARGETED_DEVICE_FAMILY = 3;
				TVOS_DEPLOYMENT_TARGET = 10.2;
			};
			name = Release;
		};
/* End XCBuildConfiguration section */

/* Begin XCConfigurationList section */
		CC5E9E7A2004F15900209569 /* Build configuration list for PBXProject "FamilyTV" */ = {
			isa = XCConfigurationList;
			buildConfigurations = (
				CC5E9E8C2004F15900209569 /* Debug */,
				CC5E9E8D2004F15900209569 /* Release */,
			);
			defaultConfigurationIsVisible = 0;
			defaultConfigurationName = Release;
		};
		CC5E9E8E2004F15900209569 /* Build configuration list for PBXNativeTarget "FamilyTV" */ = {
			isa = XCConfigurationList;
			buildConfigurations = (
				CC5E9E8F2004F15900209569 /* Debug */,
				CC5E9E902004F15900209569 /* Release */,
			);
			defaultConfigurationIsVisible = 0;
			defaultConfigurationName = Release;
		};
/* End XCConfigurationList section */
	};
	rootObject = CC5E9E772004F15900209569 /* Project object */;
}
